
Microsoft Visual Studio Solution File, Format Version 12.00
# Visual Studio Version 16
VisualStudioVersion = 16.0.31205.134
MinimumVisualStudioVersion = 10.0.40219.1
Project("{FAE04EC0-301F-11D3-BF4B-00C04F79EFBC}") = "TreeExplorer", "TreeExplorer\TreeExplorer.csproj", "{0405C053-B347-4276-856E-F7F689156006}"
EndProject
Global
	GlobalSection(SolutionConfigurationPlatforms) = preSolution
		Debug|Any CPU = Debug|Any CPU
		Release|Any CPU = Release|Any CPU
	EndGlobalSection
	GlobalSection(ProjectConfigurationPlatforms) = postSolution
		{0405C053-B347-4276-856E-F7F689156006}.Debug|Any CPU.ActiveCfg = Debug|Any CPU
		{0405C053-B347-4276-856E-F7F689156006}.Debug|Any CPU.Build.0 = Debug|Any CPU
		{0405C053-B347-4276-856E-F7F689156006}.Release|Any CPU.ActiveCfg = Release|Any CPU
		{0405C053-B347-4276-856E-F7F689156006}.Release|Any CPU.Build.0 = Release|Any CPU
	EndGlobalSection
	GlobalSection(SolutionProperties) = preSolution
		HideSolutionNode = FALSE
	EndGlobalSection
	GlobalSection(ExtensibilityGlobals) = postSolution
		SolutionGuid = {42651A6F-3742-42A1-A4CC-DBFEDF7675E2}
	EndGlobalSection
EndGlobal
